
Microsoft Visual Studio Solution File, Format Version 12.00
# Visual Studio Version 16
VisualStudioVersion = 16.0.30413.136
MinimumVisualStudioVersion = 10.0.40219.1
Project("{9A19103F-16F7-4668-BE54-9A1E7A4F7556}") = "C1_WriteLine", "C1_WriteLine\C1_WriteLine.csproj", "{264D2B8F-EDC5-4123-96E8-CA2EE6AFBED5}"
EndProject
Project("{9A19103F-16F7-4668-BE54-9A1E7A4F7556}") = "C2_ReadLine", "C2_ReadLine\C2_ReadLine.csproj", "{0D026AF3-16B0-4907-8B4E-3D891D5A2AE1}"
EndProject
Project("{9A19103F-16F7-4668-BE54-9A1E7A4F7556}") = "C3_WithAClass", "C3_WithAClass\C3_WithAClass.csproj", "{49DA0BE8-D9CC-4414-9B53-00C2DEC69BC0}"
EndProject
Project("{9A19103F-16F7-4668-BE54-9A1E7A4F7556}") = "C4_WithMethods", "C4_WithMethods\C4_WithMethods.csproj", "{31684127-7A5E-47D3-86C1-1F16B5B36654}"
EndProject
Project("{9A19103F-16F7-4668-BE54-9A1E7A4F7556}") = "C5_WithAgeCalculation", "C5_WithAgeCalculation\C5_WithAgeCalculation.csproj", "{875D09D1-730B-42ED-B037-B70533204694}"
EndProject
Project("{9A19103F-16F7-4668-BE54-9A1E7A4F7556}") = "C6_GettersAndSetters", "C6_GettersAndSetters\C6_GettersAndSetters.csproj", "{E4C9F8B7-1E22-48D8-9AC1-2D6AE8828D84}"
EndProject
Project("{9A19103F-16F7-4668-BE54-9A1E7A4F7556}") = "C7_GettersAndSettersV2", "C7_GettersAndSettersV2\C7_GettersAndSettersV2.csproj", "{C3C9D166-9F58-4EB5-A5BF-66C5334D1C1B}"
EndProject
Project("{9A19103F-16F7-4668-BE54-9A1E7A4F7556}") = "C8_Arrays", "C8_Arrays\C8_Arrays.csproj", "{09D309A6-C838-49CF-B7DE-C341282C3E6F}"
EndProject
Project("{9A19103F-16F7-4668-BE54-9A1E7A4F7556}") = "C9_Lists", "C9_Lists\C9_Lists.csproj", "{30EEEAF2-CF66-4B5F-9494-476FA76D4E19}"
EndProject
Project("{9A19103F-16F7-4668-BE54-9A1E7A4F7556}") = "Glazecalc", "Glazecalc\Glazecalc.csproj", "{2641C6A0-31E7-4417-9D61-0099413475C1}"
EndProject
Project("{9A19103F-16F7-4668-BE54-9A1E7A4F7556}") = "C10_Struct", "C10_Struct\C10_Struct.csproj", "{202E2F81-9E5B-4AE8-855A-6446345D43D3}"
EndProject
Project("{9A19103F-16F7-4668-BE54-9A1E7A4F7556}") = "C11_Enum", "C11_Enum\C11_Enum.csproj", "{4A264B4E-62F7-47ED-B0F6-FD649DACED34}"
EndProject
Project("{9A19103F-16F7-4668-BE54-9A1E7A4F7556}") = "C12_Interfaces_1", "C12_Interfaces_1\C12_Interfaces_1.csproj", "{41A7F19F-35C4-4C53-BF16-7B1D0DFB8FF3}"
EndProject
Project("{9A19103F-16F7-4668-BE54-9A1E7A4F7556}") = "C13_Interfaces_2", "C13_Interfaces_2\C13_Interfaces_2.csproj", "{0FA42AED-C423-483A-9D00-77CCB7248D6B}"
EndProject
Project("{9A19103F-16F7-4668-BE54-9A1E7A4F7556}") = "C14_Abstract_1", "C14_Abstract_1\C14_Abstract_1.csproj", "{B6C4A893-E6D2-4C93-90D1-00DD79776D5D}"
EndProject
Project("{9A19103F-16F7-4668-BE54-9A1E7A4F7556}") = "C15_Abstract_2", "C15_Abstract_2\C15_Abstract_2.csproj", "{B502E989-CCDC-409D-A0E6-E80C037D325A}"
EndProject
Project("{FAE04EC0-301F-11D3-BF4B-00C04F79EFBC}") = "UWP1_AsyncAwait", "UWP1_AsyncAwait\UWP1_AsyncAwait.csproj", "{9ACB1F4C-4CA1-4B41-9EE7-7F716540F9D3}"
EndProject
Project("{9A19103F-16F7-4668-BE54-9A1E7A4F7556}") = "C16_WorkerService", "C16_WorkerService\C16_WorkerService.csproj", "{87DE0858-5BF8-45AF-9A4C-A2674AB7C9CC}"
EndProject
Project("{9A19103F-16F7-4668-BE54-9A1E7A4F7556}") = "WINFORM1_ContactList", "WINFORM1_ContactList\WINFORM1_ContactList.csproj", "{5D16366D-2729-4F4F-B03C-BF8E303526A7}"
EndProject
Project("{9A19103F-16F7-4668-BE54-9A1E7A4F7556}") = "WPF1_ContactList", "WPF1_ContactList\WPF1_ContactList.csproj", "{D717D374-240B-45D4-96DC-F7A605FAFFE0}"
EndProject
Project("{9A19103F-16F7-4668-BE54-9A1E7A4F7556}") = "hej", "hej\hej.csproj", "{7E720A98-183A-4E65-AA73-B9C47588A824}"
EndProject
Project("{9A19103F-16F7-4668-BE54-9A1E7A4F7556}") = "Inlämmningsuppgift_1", "Inlämmningsuppgift_1\Inlämmningsuppgift_1.csproj", "{4C2D2D34-B039-4ADB-937A-F51DA5318F27}"
EndProject
Project("{9A19103F-16F7-4668-BE54-9A1E7A4F7556}") = "WPF3_CustomControl", "WPF3_CustomControl\WPF3_CustomControl.csproj", "{142FC659-8ED0-4263-B2BB-12CB9C1CEF52}"
EndProject
Project("{9A19103F-16F7-4668-BE54-9A1E7A4F7556}") = "WPF_Inlämningsupgift2", "WPF_Inlämningsuppgift2\WPF_Inlämningsupgift2.csproj", "{F279BAB5-2278-46A3-9233-B68B55A5C080}"
EndProject
Project("{9A19103F-16F7-4668-BE54-9A1E7A4F7556}") = "WPF2_DesignView", "..\samuelwessen\CsExamples\WPF2_DesignView\WPF2_DesignView.csproj", "{97C43A3F-43D9-4EA4-8416-908ACFF76C2D}"
EndProject
Global
	GlobalSection(SolutionConfigurationPlatforms) = preSolution
		Debug|Any CPU = Debug|Any CPU
		Debug|ARM = Debug|ARM
		Debug|ARM64 = Debug|ARM64
		Debug|x64 = Debug|x64
		Debug|x86 = Debug|x86
		Release|Any CPU = Release|Any CPU
		Release|ARM = Release|ARM
		Release|ARM64 = Release|ARM64
		Release|x64 = Release|x64
		Release|x86 = Release|x86
	EndGlobalSection
	GlobalSection(ProjectConfigurationPlatforms) = postSolution
		{264D2B8F-EDC5-4123-96E8-CA2EE6AFBED5}.Debug|Any CPU.ActiveCfg = Debug|Any CPU
		{264D2B8F-EDC5-4123-96E8-CA2EE6AFBED5}.Debug|Any CPU.Build.0 = Debug|Any CPU
		{264D2B8F-EDC5-4123-96E8-CA2EE6AFBED5}.Debug|ARM.ActiveCfg = Debug|Any CPU
		{264D2B8F-EDC5-4123-96E8-CA2EE6AFBED5}.Debug|ARM.Build.0 = Debug|Any CPU
		{264D2B8F-EDC5-4123-96E8-CA2EE6AFBED5}.Debug|ARM64.ActiveCfg = Debug|Any CPU
		{264D2B8F-EDC5-4123-96E8-CA2EE6AFBED5}.Debug|ARM64.Build.0 = Debug|Any CPU
		{264D2B8F-EDC5-4123-96E8-CA2EE6AFBED5}.Debug|x64.ActiveCfg = Debug|Any CPU
		{264D2B8F-EDC5-4123-96E8-CA2EE6AFBED5}.Debug|x64.Build.0 = Debug|Any CPU
		{264D2B8F-EDC5-4123-96E8-CA2EE6AFBED5}.Debug|x86.ActiveCfg = Debug|Any CPU
		{264D2B8F-EDC5-4123-96E8-CA2EE6AFBED5}.Debug|x86.Build.0 = Debug|Any CPU
		{264D2B8F-EDC5-4123-96E8-CA2EE6AFBED5}.Release|Any CPU.ActiveCfg = Release|Any CPU
		{264D2B8F-EDC5-4123-96E8-CA2EE6AFBED5}.Release|Any CPU.Build.0 = Release|Any CPU
		{264D2B8F-EDC5-4123-96E8-CA2EE6AFBED5}.Release|ARM.ActiveCfg = Release|Any CPU
		{264D2B8F-EDC5-4123-96E8-CA2EE6AFBED5}.Release|ARM.Build.0 = Release|Any CPU
		{264D2B8F-EDC5-4123-96E8-CA2EE6AFBED5}.Release|ARM64.ActiveCfg = Release|Any CPU
		{264D2B8F-EDC5-4123-96E8-CA2EE6AFBED5}.Release|ARM64.Build.0 = Release|Any CPU
		{264D2B8F-EDC5-4123-96E8-CA2EE6AFBED5}.Release|x64.ActiveCfg = Release|Any CPU
		{264D2B8F-EDC5-4123-96E8-CA2EE6AFBED5}.Release|x64.Build.0 = Release|Any CPU
		{264D2B8F-EDC5-4123-96E8-CA2EE6AFBED5}.Release|x86.ActiveCfg = Release|Any CPU
		{264D2B8F-EDC5-4123-96E8-CA2EE6AFBED5}.Release|x86.Build.0 = Release|Any CPU
		{0D026AF3-16B0-4907-8B4E-3D891D5A2AE1}.Debug|Any CPU.ActiveCfg = Debug|Any CPU
		{0D026AF3-16B0-4907-8B4E-3D891D5A2AE1}.Debug|Any CPU.Build.0 = Debug|Any CPU
		{0D026AF3-16B0-4907-8B4E-3D891D5A2AE1}.Debug|ARM.ActiveCfg = Debug|Any CPU
		{0D026AF3-16B0-4907-8B4E-3D891D5A2AE1}.Debug|ARM.Build.0 = Debug|Any CPU
		{0D026AF3-16B0-4907-8B4E-3D891D5A2AE1}.Debug|ARM64.ActiveCfg = Debug|Any CPU
		{0D026AF3-16B0-4907-8B4E-3D891D5A2AE1}.Debug|ARM64.Build.0 = Debug|Any CPU
		{0D026AF3-16B0-4907-8B4E-3D891D5A2AE1}.Debug|x64.ActiveCfg = Debug|Any CPU
		{0D026AF3-16B0-4907-8B4E-3D891D5A2AE1}.Debug|x64.Build.0 = Debug|Any CPU
		{0D026AF3-16B0-4907-8B4E-3D891D5A2AE1}.Debug|x86.ActiveCfg = Debug|Any CPU
		{0D026AF3-16B0-4907-8B4E-3D891D5A2AE1}.Debug|x86.Build.0 = Debug|Any CPU
		{0D026AF3-16B0-4907-8B4E-3D891D5A2AE1}.Release|Any CPU.ActiveCfg = Release|Any CPU
		{0D026AF3-16B0-4907-8B4E-3D891D5A2AE1}.Release|Any CPU.Build.0 = Release|Any CPU
		{0D026AF3-16B0-4907-8B4E-3D891D5A2AE1}.Release|ARM.ActiveCfg = Release|Any CPU
		{0D026AF3-16B0-4907-8B4E-3D891D5A2AE1}.Release|ARM.Build.0 = Release|Any CPU
		{0D026AF3-16B0-4907-8B4E-3D891D5A2AE1}.Release|ARM64.ActiveCfg = Release|Any CPU
		{0D026AF3-16B0-4907-8B4E-3D891D5A2AE1}.Release|ARM64.Build.0 = Release|Any CPU
		{0D026AF3-16B0-4907-8B4E-3D891D5A2AE1}.Release|x64.ActiveCfg = Release|Any CPU
		{0D026AF3-16B0-4907-8B4E-3D891D5A2AE1}.Release|x64.Build.0 = Release|Any CPU
		{0D026AF3-16B0-4907-8B4E-3D891D5A2AE1}.Release|x86.ActiveCfg = Release|Any CPU
		{0D026AF3-16B0-4907-8B4E-3D891D5A2AE1}.Release|x86.Build.0 = Release|Any CPU
		{49DA0BE8-D9CC-4414-9B53-00C2DEC69BC0}.Debug|Any CPU.ActiveCfg = Debug|Any CPU
		{49DA0BE8-D9CC-4414-9B53-00C2DEC69BC0}.Debug|Any CPU.Build.0 = Debug|Any CPU
		{49DA0BE8-D9CC-4414-9B53-00C2DEC69BC0}.Debug|ARM.ActiveCfg = Debug|Any CPU
		{49DA0BE8-D9CC-4414-9B53-00C2DEC69BC0}.Debug|ARM.Build.0 = Debug|Any CPU
		{49DA0BE8-D9CC-4414-9B53-00C2DEC69BC0}.Debug|ARM64.ActiveCfg = Debug|Any CPU
		{49DA0BE8-D9CC-4414-9B53-00C2DEC69BC0}.Debug|ARM64.Build.0 = Debug|Any CPU
		{49DA0BE8-D9CC-4414-9B53-00C2DEC69BC0}.Debug|x64.ActiveCfg = Debug|Any CPU
		{49DA0BE8-D9CC-4414-9B53-00C2DEC69BC0}.Debug|x64.Build.0 = Debug|Any CPU
		{49DA0BE8-D9CC-4414-9B53-00C2DEC69BC0}.Debug|x86.ActiveCfg = Debug|Any CPU
		{49DA0BE8-D9CC-4414-9B53-00C2DEC69BC0}.Debug|x86.Build.0 = Debug|Any CPU
		{49DA0BE8-D9CC-4414-9B53-00C2DEC69BC0}.Release|Any CPU.ActiveCfg = Release|Any CPU
		{49DA0BE8-D9CC-4414-9B53-00C2DEC69BC0}.Release|Any CPU.Build.0 = Release|Any CPU
		{49DA0BE8-D9CC-4414-9B53-00C2DEC69BC0}.Release|ARM.ActiveCfg = Release|Any CPU
		{49DA0BE8-D9CC-4414-9B53-00C2DEC69BC0}.Release|ARM.Build.0 = Release|Any CPU
		{49DA0BE8-D9CC-4414-9B53-00C2DEC69BC0}.Release|ARM64.ActiveCfg = Release|Any CPU
		{49DA0BE8-D9CC-4414-9B53-00C2DEC69BC0}.Release|ARM64.Build.0 = Release|Any CPU
		{49DA0BE8-D9CC-4414-9B53-00C2DEC69BC0}.Release|x64.ActiveCfg = Release|Any CPU
		{49DA0BE8-D9CC-4414-9B53-00C2DEC69BC0}.Release|x64.Build.0 = Release|Any CPU
		{49DA0BE8-D9CC-4414-9B53-00C2DEC69BC0}.Release|x86.ActiveCfg = Release|Any CPU
		{49DA0BE8-D9CC-4414-9B53-00C2DEC69BC0}.Release|x86.Build.0 = Release|Any CPU
		{31684127-7A5E-47D3-86C1-1F16B5B36654}.Debug|Any CPU.ActiveCfg = Debug|Any CPU
		{31684127-7A5E-47D3-86C1-1F16B5B36654}.Debug|Any CPU.Build.0 = Debug|Any CPU
		{31684127-7A5E-47D3-86C1-1F16B5B36654}.Debug|ARM.ActiveCfg = Debug|Any CPU
		{31684127-7A5E-47D3-86C1-1F16B5B36654}.Debug|ARM.Build.0 = Debug|Any CPU
		{31684127-7A5E-47D3-86C1-1F16B5B36654}.Debug|ARM64.ActiveCfg = Debug|Any CPU
		{31684127-7A5E-47D3-86C1-1F16B5B36654}.Debug|ARM64.Build.0 = Debug|Any CPU
		{31684127-7A5E-47D3-86C1-1F16B5B36654}.Debug|x64.ActiveCfg = Debug|Any CPU
		{31684127-7A5E-47D3-86C1-1F16B5B36654}.Debug|x64.Build.0 = Debug|Any CPU
		{31684127-7A5E-47D3-86C1-1F16B5B36654}.Debug|x86.ActiveCfg = Debug|Any CPU
		{31684127-7A5E-47D3-86C1-1F16B5B36654}.Debug|x86.Build.0 = Debug|Any CPU
		{31684127-7A5E-47D3-86C1-1F16B5B36654}.Release|Any CPU.ActiveCfg = Release|Any CPU
		{31684127-7A5E-47D3-86C1-1F16B5B36654}.Release|Any CPU.Build.0 = Release|Any CPU
		{31684127-7A5E-47D3-86C1-1F16B5B36654}.Release|ARM.ActiveCfg = Release|Any CPU
		{31684127-7A5E-47D3-86C1-1F16B5B36654}.Release|ARM.Build.0 = Release|Any CPU
		{31684127-7A5E-47D3-86C1-1F16B5B36654}.Release|ARM64.ActiveCfg = Release|Any CPU
		{31684127-7A5E-47D3-86C1-1F16B5B36654}.Release|ARM64.Build.0 = Release|Any CPU
		{31684127-7A5E-47D3-86C1-1F16B5B36654}.Release|x64.ActiveCfg = Release|Any CPU
		{31684127-7A5E-47D3-86C1-1F16B5B36654}.Release|x64.Build.0 = Release|Any CPU
		{31684127-7A5E-47D3-86C1-1F16B5B36654}.Release|x86.ActiveCfg = Release|Any CPU
		{31684127-7A5E-47D3-86C1-1F16B5B36654}.Release|x86.Build.0 = Release|Any CPU
		{875D09D1-730B-42ED-B037-B70533204694}.Debug|Any CPU.ActiveCfg = Debug|Any CPU
		{875D09D1-730B-42ED-B037-B70533204694}.Debug|Any CPU.Build.0 = Debug|Any CPU
		{875D09D1-730B-42ED-B037-B70533204694}.Debug|ARM.ActiveCfg = Debug|Any CPU
		{875D09D1-730B-42ED-B037-B70533204694}.Debug|ARM.Build.0 = Debug|Any CPU
		{875D09D1-730B-42ED-B037-B70533204694}.Debug|ARM64.ActiveCfg = Debug|Any CPU
		{875D09D1-730B-42ED-B037-B70533204694}.Debug|ARM64.Build.0 = Debug|Any CPU
		{875D09D1-730B-42ED-B037-B70533204694}.Debug|x64.ActiveCfg = Debug|Any CPU
		{875D09D1-730B-42ED-B037-B70533204694}.Debug|x64.Build.0 = Debug|Any CPU
		{875D09D1-730B-42ED-B037-B70533204694}.Debug|x86.ActiveCfg = Debug|Any CPU
		{875D09D1-730B-42ED-B037-B70533204694}.Debug|x86.Build.0 = Debug|Any CPU
		{875D09D1-730B-42ED-B037-B70533204694}.Release|Any CPU.ActiveCfg = Release|Any CPU
		{875D09D1-730B-42ED-B037-B70533204694}.Release|Any CPU.Build.0 = Release|Any CPU
		{875D09D1-730B-42ED-B037-B70533204694}.Release|ARM.ActiveCfg = Release|Any CPU
		{875D09D1-730B-42ED-B037-B70533204694}.Release|ARM.Build.0 = Release|Any CPU
		{875D09D1-730B-42ED-B037-B70533204694}.Release|ARM64.ActiveCfg = Release|Any CPU
		{875D09D1-730B-42ED-B037-B70533204694}.Release|ARM64.Build.0 = Release|Any CPU
		{875D09D1-730B-42ED-B037-B70533204694}.Release|x64.ActiveCfg = Release|Any CPU
		{875D09D1-730B-42ED-B037-B70533204694}.Release|x64.Build.0 = Release|Any CPU
		{875D09D1-730B-42ED-B037-B70533204694}.Release|x86.ActiveCfg = Release|Any CPU
		{875D09D1-730B-42ED-B037-B70533204694}.Release|x86.Build.0 = Release|Any CPU
		{E4C9F8B7-1E22-48D8-9AC1-2D6AE8828D84}.Debug|Any CPU.ActiveCfg = Debug|Any CPU
		{E4C9F8B7-1E22-48D8-9AC1-2D6AE8828D84}.Debug|Any CPU.Build.0 = Debug|Any CPU
		{E4C9F8B7-1E22-48D8-9AC1-2D6AE8828D84}.Debug|ARM.ActiveCfg = Debug|Any CPU
		{E4C9F8B7-1E22-48D8-9AC1-2D6AE8828D84}.Debug|ARM.Build.0 = Debug|Any CPU
		{E4C9F8B7-1E22-48D8-9AC1-2D6AE8828D84}.Debug|ARM64.ActiveCfg = Debug|Any CPU
		{E4C9F8B7-1E22-48D8-9AC1-2D6AE8828D84}.Debug|ARM64.Build.0 = Debug|Any CPU
		{E4C9F8B7-1E22-48D8-9AC1-2D6AE8828D84}.Debug|x64.ActiveCfg = Debug|Any CPU
		{E4C9F8B7-1E22-48D8-9AC1-2D6AE8828D84}.Debug|x64.Build.0 = Debug|Any CPU
		{E4C9F8B7-1E22-48D8-9AC1-2D6AE8828D84}.Debug|x86.ActiveCfg = Debug|Any CPU
		{E4C9F8B7-1E22-48D8-9AC1-2D6AE8828D84}.Debug|x86.Build.0 = Debug|Any CPU
		{E4C9F8B7-1E22-48D8-9AC1-2D6AE8828D84}.Release|Any CPU.ActiveCfg = Release|Any CPU
		{E4C9F8B7-1E22-48D8-9AC1-2D6AE8828D84}.Release|Any CPU.Build.0 = Release|Any CPU
		{E4C9F8B7-1E22-48D8-9AC1-2D6AE8828D84}.Release|ARM.ActiveCfg = Release|Any CPU
		{E4C9F8B7-1E22-48D8-9AC1-2D6AE8828D84}.Release|ARM.Build.0 = Release|Any CPU
		{E4C9F8B7-1E22-48D8-9AC1-2D6AE8828D84}.Release|ARM64.ActiveCfg = Release|Any CPU
		{E4C9F8B7-1E22-48D8-9AC1-2D6AE8828D84}.Release|ARM64.Build.0 = Release|Any CPU
		{E4C9F8B7-1E22-48D8-9AC1-2D6AE8828D84}.Release|x64.ActiveCfg = Release|Any CPU
		{E4C9F8B7-1E22-48D8-9AC1-2D6AE8828D84}.Release|x64.Build.0 = Release|Any CPU
		{E4C9F8B7-1E22-48D8-9AC1-2D6AE8828D84}.Release|x86.ActiveCfg = Release|Any CPU
		{E4C9F8B7-1E22-48D8-9AC1-2D6AE8828D84}.Release|x86.Build.0 = Release|Any CPU
		{C3C9D166-9F58-4EB5-A5BF-66C5334D1C1B}.Debug|Any CPU.ActiveCfg = Debug|Any CPU
		{C3C9D166-9F58-4EB5-A5BF-66C5334D1C1B}.Debug|Any CPU.Build.0 = Debug|Any CPU
		{C3C9D166-9F58-4EB5-A5BF-66C5334D1C1B}.Debug|ARM.ActiveCfg = Debug|Any CPU
		{C3C9D166-9F58-4EB5-A5BF-66C5334D1C1B}.Debug|ARM.Build.0 = Debug|Any CPU
		{C3C9D166-9F58-4EB5-A5BF-66C5334D1C1B}.Debug|ARM64.ActiveCfg = Debug|Any CPU
		{C3C9D166-9F58-4EB5-A5BF-66C5334D1C1B}.Debug|ARM64.Build.0 = Debug|Any CPU
		{C3C9D166-9F58-4EB5-A5BF-66C5334D1C1B}.Debug|x64.ActiveCfg = Debug|Any CPU
		{C3C9D166-9F58-4EB5-A5BF-66C5334D1C1B}.Debug|x64.Build.0 = Debug|Any CPU
		{C3C9D166-9F58-4EB5-A5BF-66C5334D1C1B}.Debug|x86.ActiveCfg = Debug|Any CPU
		{C3C9D166-9F58-4EB5-A5BF-66C5334D1C1B}.Debug|x86.Build.0 = Debug|Any CPU
		{C3C9D166-9F58-4EB5-A5BF-66C5334D1C1B}.Release|Any CPU.ActiveCfg = Release|Any CPU
		{C3C9D166-9F58-4EB5-A5BF-66C5334D1C1B}.Release|Any CPU.Build.0 = Release|Any CPU
		{C3C9D166-9F58-4EB5-A5BF-66C5334D1C1B}.Release|ARM.ActiveCfg = Release|Any CPU
		{C3C9D166-9F58-4EB5-A5BF-66C5334D1C1B}.Release|ARM.Build.0 = Release|Any CPU
		{C3C9D166-9F58-4EB5-A5BF-66C5334D1C1B}.Release|ARM64.ActiveCfg = Release|Any CPU
		{C3C9D166-9F58-4EB5-A5BF-66C5334D1C1B}.Release|ARM64.Build.0 = Release|Any CPU
		{C3C9D166-9F58-4EB5-A5BF-66C5334D1C1B}.Release|x64.ActiveCfg = Release|Any CPU
		{C3C9D166-9F58-4EB5-A5BF-66C5334D1C1B}.Release|x64.Build.0 = Release|Any CPU
		{C3C9D166-9F58-4EB5-A5BF-66C5334D1C1B}.Release|x86.ActiveCfg = Release|Any CPU
		{C3C9D166-9F58-4EB5-A5BF-66C5334D1C1B}.Release|x86.Build.0 = Release|Any CPU
		{09D309A6-C838-49CF-B7DE-C341282C3E6F}.Debug|Any CPU.ActiveCfg = Debug|Any CPU
		{09D309A6-C838-49CF-B7DE-C341282C3E6F}.Debug|Any CPU.Build.0 = Debug|Any CPU
		{09D309A6-C838-49CF-B7DE-C341282C3E6F}.Debug|ARM.ActiveCfg = Debug|Any CPU
		{09D309A6-C838-49CF-B7DE-C341282C3E6F}.Debug|ARM.Build.0 = Debug|Any CPU
		{09D309A6-C838-49CF-B7DE-C341282C3E6F}.Debug|ARM64.ActiveCfg = Debug|Any CPU
		{09D309A6-C838-49CF-B7DE-C341282C3E6F}.Debug|ARM64.Build.0 = Debug|Any CPU
		{09D309A6-C838-49CF-B7DE-C341282C3E6F}.Debug|x64.ActiveCfg = Debug|Any CPU
		{09D309A6-C838-49CF-B7DE-C341282C3E6F}.Debug|x64.Build.0 = Debug|Any CPU
		{09D309A6-C838-49CF-B7DE-C341282C3E6F}.Debug|x86.ActiveCfg = Debug|Any CPU
		{09D309A6-C838-49CF-B7DE-C341282C3E6F}.Debug|x86.Build.0 = Debug|Any CPU
		{09D309A6-C838-49CF-B7DE-C341282C3E6F}.Release|Any CPU.ActiveCfg = Release|Any CPU
		{09D309A6-C838-49CF-B7DE-C341282C3E6F}.Release|Any CPU.Build.0 = Release|Any CPU
		{09D309A6-C838-49CF-B7DE-C341282C3E6F}.Release|ARM.ActiveCfg = Release|Any CPU
		{09D309A6-C838-49CF-B7DE-C341282C3E6F}.Release|ARM.Build.0 = Release|Any CPU
		{09D309A6-C838-49CF-B7DE-C341282C3E6F}.Release|ARM64.ActiveCfg = Release|Any CPU
		{09D309A6-C838-49CF-B7DE-C341282C3E6F}.Release|ARM64.Build.0 = Release|Any CPU
		{09D309A6-C838-49CF-B7DE-C341282C3E6F}.Release|x64.ActiveCfg = Release|Any CPU
		{09D309A6-C838-49CF-B7DE-C341282C3E6F}.Release|x64.Build.0 = Release|Any CPU
		{09D309A6-C838-49CF-B7DE-C341282C3E6F}.Release|x86.ActiveCfg = Release|Any CPU
		{09D309A6-C838-49CF-B7DE-C341282C3E6F}.Release|x86.Build.0 = Release|Any CPU
		{30EEEAF2-CF66-4B5F-9494-476FA76D4E19}.Debug|Any CPU.ActiveCfg = Debug|Any CPU
		{30EEEAF2-CF66-4B5F-9494-476FA76D4E19}.Debug|Any CPU.Build.0 = Debug|Any CPU
		{30EEEAF2-CF66-4B5F-9494-476FA76D4E19}.Debug|ARM.ActiveCfg = Debug|Any CPU
		{30EEEAF2-CF66-4B5F-9494-476FA76D4E19}.Debug|ARM.Build.0 = Debug|Any CPU
		{30EEEAF2-CF66-4B5F-9494-476FA76D4E19}.Debug|ARM64.ActiveCfg = Debug|Any CPU
		{30EEEAF2-CF66-4B5F-9494-476FA76D4E19}.Debug|ARM64.Build.0 = Debug|Any CPU
		{30EEEAF2-CF66-4B5F-9494-476FA76D4E19}.Debug|x64.ActiveCfg = Debug|Any CPU
		{30EEEAF2-CF66-4B5F-9494-476FA76D4E19}.Debug|x64.Build.0 = Debug|Any CPU
		{30EEEAF2-CF66-4B5F-9494-476FA76D4E19}.Debug|x86.ActiveCfg = Debug|Any CPU
		{30EEEAF2-CF66-4B5F-9494-476FA76D4E19}.Debug|x86.Build.0 = Debug|Any CPU
		{30EEEAF2-CF66-4B5F-9494-476FA76D4E19}.Release|Any CPU.ActiveCfg = Release|Any CPU
		{30EEEAF2-CF66-4B5F-9494-476FA76D4E19}.Release|Any CPU.Build.0 = Release|Any CPU
		{30EEEAF2-CF66-4B5F-9494-476FA76D4E19}.Release|ARM.ActiveCfg = Release|Any CPU
		{30EEEAF2-CF66-4B5F-9494-476FA76D4E19}.Release|ARM.Build.0 = Release|Any CPU
		{30EEEAF2-CF66-4B5F-9494-476FA76D4E19}.Release|ARM64.ActiveCfg = Release|Any CPU
		{30EEEAF2-CF66-4B5F-9494-476FA76D4E19}.Release|ARM64.Build.0 = Release|Any CPU
		{30EEEAF2-CF66-4B5F-9494-476FA76D4E19}.Release|x64.ActiveCfg = Release|Any CPU
		{30EEEAF2-CF66-4B5F-9494-476FA76D4E19}.Release|x64.Build.0 = Release|Any CPU
		{30EEEAF2-CF66-4B5F-9494-476FA76D4E19}.Release|x86.ActiveCfg = Release|Any CPU
		{30EEEAF2-CF66-4B5F-9494-476FA76D4E19}.Release|x86.Build.0 = Release|Any CPU
		{2641C6A0-31E7-4417-9D61-0099413475C1}.Debug|Any CPU.ActiveCfg = Debug|Any CPU
		{2641C6A0-31E7-4417-9D61-0099413475C1}.Debug|Any CPU.Build.0 = Debug|Any CPU
		{2641C6A0-31E7-4417-9D61-0099413475C1}.Debug|ARM.ActiveCfg = Debug|Any CPU
		{2641C6A0-31E7-4417-9D61-0099413475C1}.Debug|ARM.Build.0 = Debug|Any CPU
		{2641C6A0-31E7-4417-9D61-0099413475C1}.Debug|ARM64.ActiveCfg = Debug|Any CPU
		{2641C6A0-31E7-4417-9D61-0099413475C1}.Debug|ARM64.Build.0 = Debug|Any CPU
		{2641C6A0-31E7-4417-9D61-0099413475C1}.Debug|x64.ActiveCfg = Debug|Any CPU
		{2641C6A0-31E7-4417-9D61-0099413475C1}.Debug|x64.Build.0 = Debug|Any CPU
		{2641C6A0-31E7-4417-9D61-0099413475C1}.Debug|x86.ActiveCfg = Debug|Any CPU
		{2641C6A0-31E7-4417-9D61-0099413475C1}.Debug|x86.Build.0 = Debug|Any CPU
		{2641C6A0-31E7-4417-9D61-0099413475C1}.Release|Any CPU.ActiveCfg = Release|Any CPU
		{2641C6A0-31E7-4417-9D61-0099413475C1}.Release|Any CPU.Build.0 = Release|Any CPU
		{2641C6A0-31E7-4417-9D61-0099413475C1}.Release|ARM.ActiveCfg = Release|Any CPU
		{2641C6A0-31E7-4417-9D61-0099413475C1}.Release|ARM.Build.0 = Release|Any CPU
		{2641C6A0-31E7-4417-9D61-0099413475C1}.Release|ARM64.ActiveCfg = Release|Any CPU
		{2641C6A0-31E7-4417-9D61-0099413475C1}.Release|ARM64.Build.0 = Release|Any CPU
		{2641C6A0-31E7-4417-9D61-0099413475C1}.Release|x64.ActiveCfg = Release|Any CPU
		{2641C6A0-31E7-4417-9D61-0099413475C1}.Release|x64.Build.0 = Release|Any CPU
		{2641C6A0-31E7-4417-9D61-0099413475C1}.Release|x86.ActiveCfg = Release|Any CPU
		{2641C6A0-31E7-4417-9D61-0099413475C1}.Release|x86.Build.0 = Release|Any CPU
		{202E2F81-9E5B-4AE8-855A-6446345D43D3}.Debug|Any CPU.ActiveCfg = Debug|Any CPU
		{202E2F81-9E5B-4AE8-855A-6446345D43D3}.Debug|Any CPU.Build.0 = Debug|Any CPU
		{202E2F81-9E5B-4AE8-855A-6446345D43D3}.Debug|ARM.ActiveCfg = Debug|Any CPU
		{202E2F81-9E5B-4AE8-855A-6446345D43D3}.Debug|ARM.Build.0 = Debug|Any CPU
		{202E2F81-9E5B-4AE8-855A-6446345D43D3}.Debug|ARM64.ActiveCfg = Debug|Any CPU
		{202E2F81-9E5B-4AE8-855A-6446345D43D3}.Debug|ARM64.Build.0 = Debug|Any CPU
		{202E2F81-9E5B-4AE8-855A-6446345D43D3}.Debug|x64.ActiveCfg = Debug|Any CPU
		{202E2F81-9E5B-4AE8-855A-6446345D43D3}.Debug|x64.Build.0 = Debug|Any CPU
		{202E2F81-9E5B-4AE8-855A-6446345D43D3}.Debug|x86.ActiveCfg = Debug|Any CPU
		{202E2F81-9E5B-4AE8-855A-6446345D43D3}.Debug|x86.Build.0 = Debug|Any CPU
		{202E2F81-9E5B-4AE8-855A-6446345D43D3}.Release|Any CPU.ActiveCfg = Release|Any CPU
		{202E2F81-9E5B-4AE8-855A-6446345D43D3}.Release|Any CPU.Build.0 = Release|Any CPU
		{202E2F81-9E5B-4AE8-855A-6446345D43D3}.Release|ARM.ActiveCfg = Release|Any CPU
		{202E2F81-9E5B-4AE8-855A-6446345D43D3}.Release|ARM.Build.0 = Release|Any CPU
		{202E2F81-9E5B-4AE8-855A-6446345D43D3}.Release|ARM64.ActiveCfg = Release|Any CPU
		{202E2F81-9E5B-4AE8-855A-6446345D43D3}.Release|ARM64.Build.0 = Release|Any CPU
		{202E2F81-9E5B-4AE8-855A-6446345D43D3}.Release|x64.ActiveCfg = Release|Any CPU
		{202E2F81-9E5B-4AE8-855A-6446345D43D3}.Release|x64.Build.0 = Release|Any CPU
		{202E2F81-9E5B-4AE8-855A-6446345D43D3}.Release|x86.ActiveCfg = Release|Any CPU
		{202E2F81-9E5B-4AE8-855A-6446345D43D3}.Release|x86.Build.0 = Release|Any CPU
		{4A264B4E-62F7-47ED-B0F6-FD649DACED34}.Debug|Any CPU.ActiveCfg = Debug|Any CPU
		{4A264B4E-62F7-47ED-B0F6-FD649DACED34}.Debug|Any CPU.Build.0 = Debug|Any CPU
		{4A264B4E-62F7-47ED-B0F6-FD649DACED34}.Debug|ARM.ActiveCfg = Debug|Any CPU
		{4A264B4E-62F7-47ED-B0F6-FD649DACED34}.Debug|ARM.Build.0 = Debug|Any CPU
		{4A264B4E-62F7-47ED-B0F6-FD649DACED34}.Debug|ARM64.ActiveCfg = Debug|Any CPU
		{4A264B4E-62F7-47ED-B0F6-FD649DACED34}.Debug|ARM64.Build.0 = Debug|Any CPU
		{4A264B4E-62F7-47ED-B0F6-FD649DACED34}.Debug|x64.ActiveCfg = Debug|Any CPU
		{4A264B4E-62F7-47ED-B0F6-FD649DACED34}.Debug|x64.Build.0 = Debug|Any CPU
		{4A264B4E-62F7-47ED-B0F6-FD649DACED34}.Debug|x86.ActiveCfg = Debug|Any CPU
		{4A264B4E-62F7-47ED-B0F6-FD649DACED34}.Debug|x86.Build.0 = Debug|Any CPU
		{4A264B4E-62F7-47ED-B0F6-FD649DACED34}.Release|Any CPU.ActiveCfg = Release|Any CPU
		{4A264B4E-62F7-47ED-B0F6-FD649DACED34}.Release|Any CPU.Build.0 = Release|Any CPU
		{4A264B4E-62F7-47ED-B0F6-FD649DACED34}.Release|ARM.ActiveCfg = Release|Any CPU
		{4A264B4E-62F7-47ED-B0F6-FD649DACED34}.Release|ARM.Build.0 = Release|Any CPU
		{4A264B4E-62F7-47ED-B0F6-FD649DACED34}.Release|ARM64.ActiveCfg = Release|Any CPU
		{4A264B4E-62F7-47ED-B0F6-FD649DACED34}.Release|ARM64.Build.0 = Release|Any CPU
		{4A264B4E-62F7-47ED-B0F6-FD649DACED34}.Release|x64.ActiveCfg = Release|Any CPU
		{4A264B4E-62F7-47ED-B0F6-FD649DACED34}.Release|x64.Build.0 = Release|Any CPU
		{4A264B4E-62F7-47ED-B0F6-FD649DACED34}.Release|x86.ActiveCfg = Release|Any CPU
		{4A264B4E-62F7-47ED-B0F6-FD649DACED34}.Release|x86.Build.0 = Release|Any CPU
		{41A7F19F-35C4-4C53-BF16-7B1D0DFB8FF3}.Debug|Any CPU.ActiveCfg = Debug|Any CPU
		{41A7F19F-35C4-4C53-BF16-7B1D0DFB8FF3}.Debug|Any CPU.Build.0 = Debug|Any CPU
		{41A7F19F-35C4-4C53-BF16-7B1D0DFB8FF3}.Debug|ARM.ActiveCfg = Debug|Any CPU
		{41A7F19F-35C4-4C53-BF16-7B1D0DFB8FF3}.Debug|ARM.Build.0 = Debug|Any CPU
		{41A7F19F-35C4-4C53-BF16-7B1D0DFB8FF3}.Debug|ARM64.ActiveCfg = Debug|Any CPU
		{41A7F19F-35C4-4C53-BF16-7B1D0DFB8FF3}.Debug|ARM64.Build.0 = Debug|Any CPU
		{41A7F19F-35C4-4C53-BF16-7B1D0DFB8FF3}.Debug|x64.ActiveCfg = Debug|Any CPU
		{41A7F19F-35C4-4C53-BF16-7B1D0DFB8FF3}.Debug|x64.Build.0 = Debug|Any CPU
		{41A7F19F-35C4-4C53-BF16-7B1D0DFB8FF3}.Debug|x86.ActiveCfg = Debug|Any CPU
		{41A7F19F-35C4-4C53-BF16-7B1D0DFB8FF3}.Debug|x86.Build.0 = Debug|Any CPU
		{41A7F19F-35C4-4C53-BF16-7B1D0DFB8FF3}.Release|Any CPU.ActiveCfg = Release|Any CPU
		{41A7F19F-35C4-4C53-BF16-7B1D0DFB8FF3}.Release|Any CPU.Build.0 = Release|Any CPU
		{41A7F19F-35C4-4C53-BF16-7B1D0DFB8FF3}.Release|ARM.ActiveCfg = Release|Any CPU
		{41A7F19F-35C4-4C53-BF16-7B1D0DFB8FF3}.Release|ARM.Build.0 = Release|Any CPU
		{41A7F19F-35C4-4C53-BF16-7B1D0DFB8FF3}.Release|ARM64.ActiveCfg = Release|Any CPU
		{41A7F19F-35C4-4C53-BF16-7B1D0DFB8FF3}.Release|ARM64.Build.0 = Release|Any CPU
		{41A7F19F-35C4-4C53-BF16-7B1D0DFB8FF3}.Release|x64.ActiveCfg = Release|Any CPU
		{41A7F19F-35C4-4C53-BF16-7B1D0DFB8FF3}.Release|x64.Build.0 = Release|Any CPU
		{41A7F19F-35C4-4C53-BF16-7B1D0DFB8FF3}.Release|x86.ActiveCfg = Release|Any CPU
		{41A7F19F-35C4-4C53-BF16-7B1D0DFB8FF3}.Release|x86.Build.0 = Release|Any CPU
		{0FA42AED-C423-483A-9D00-77CCB7248D6B}.Debug|Any CPU.ActiveCfg = Debug|Any CPU
		{0FA42AED-C423-483A-9D00-77CCB7248D6B}.Debug|Any CPU.Build.0 = Debug|Any CPU
		{0FA42AED-C423-483A-9D00-77CCB7248D6B}.Debug|ARM.ActiveCfg = Debug|Any CPU
		{0FA42AED-C423-483A-9D00-77CCB7248D6B}.Debug|ARM.Build.0 = Debug|Any CPU
		{0FA42AED-C423-483A-9D00-77CCB7248D6B}.Debug|ARM64.ActiveCfg = Debug|Any CPU
		{0FA42AED-C423-483A-9D00-77CCB7248D6B}.Debug|ARM64.Build.0 = Debug|Any CPU
		{0FA42AED-C423-483A-9D00-77CCB7248D6B}.Debug|x64.ActiveCfg = Debug|Any CPU
		{0FA42AED-C423-483A-9D00-77CCB7248D6B}.Debug|x64.Build.0 = Debug|Any CPU
		{0FA42AED-C423-483A-9D00-77CCB7248D6B}.Debug|x86.ActiveCfg = Debug|Any CPU
		{0FA42AED-C423-483A-9D00-77CCB7248D6B}.Debug|x86.Build.0 = Debug|Any CPU
		{0FA42AED-C423-483A-9D00-77CCB7248D6B}.Release|Any CPU.ActiveCfg = Release|Any CPU
		{0FA42AED-C423-483A-9D00-77CCB7248D6B}.Release|Any CPU.Build.0 = Release|Any CPU
		{0FA42AED-C423-483A-9D00-77CCB7248D6B}.Release|ARM.ActiveCfg = Release|Any CPU
		{0FA42AED-C423-483A-9D00-77CCB7248D6B}.Release|ARM.Build.0 = Release|Any CPU
		{0FA42AED-C423-483A-9D00-77CCB7248D6B}.Release|ARM64.ActiveCfg = Release|Any CPU
		{0FA42AED-C423-483A-9D00-77CCB7248D6B}.Release|ARM64.Build.0 = Release|Any CPU
		{0FA42AED-C423-483A-9D00-77CCB7248D6B}.Release|x64.ActiveCfg = Release|Any CPU
		{0FA42AED-C423-483A-9D00-77CCB7248D6B}.Release|x64.Build.0 = Release|Any CPU
		{0FA42AED-C423-483A-9D00-77CCB7248D6B}.Release|x86.ActiveCfg = Release|Any CPU
		{0FA42AED-C423-483A-9D00-77CCB7248D6B}.Release|x86.Build.0 = Release|Any CPU
		{B6C4A893-E6D2-4C93-90D1-00DD79776D5D}.Debug|Any CPU.ActiveCfg = Debug|Any CPU
		{B6C4A893-E6D2-4C93-90D1-00DD79776D5D}.Debug|Any CPU.Build.0 = Debug|Any CPU
		{B6C4A893-E6D2-4C93-90D1-00DD79776D5D}.Debug|ARM.ActiveCfg = Debug|Any CPU
		{B6C4A893-E6D2-4C93-90D1-00DD79776D5D}.Debug|ARM.Build.0 = Debug|Any CPU
		{B6C4A893-E6D2-4C93-90D1-00DD79776D5D}.Debug|ARM64.ActiveCfg = Debug|Any CPU
		{B6C4A893-E6D2-4C93-90D1-00DD79776D5D}.Debug|ARM64.Build.0 = Debug|Any CPU
		{B6C4A893-E6D2-4C93-90D1-00DD79776D5D}.Debug|x64.ActiveCfg = Debug|Any CPU
		{B6C4A893-E6D2-4C93-90D1-00DD79776D5D}.Debug|x64.Build.0 = Debug|Any CPU
		{B6C4A893-E6D2-4C93-90D1-00DD79776D5D}.Debug|x86.ActiveCfg = Debug|Any CPU
		{B6C4A893-E6D2-4C93-90D1-00DD79776D5D}.Debug|x86.Build.0 = Debug|Any CPU
		{B6C4A893-E6D2-4C93-90D1-00DD79776D5D}.Release|Any CPU.ActiveCfg = Release|Any CPU
		{B6C4A893-E6D2-4C93-90D1-00DD79776D5D}.Release|Any CPU.Build.0 = Release|Any CPU
		{B6C4A893-E6D2-4C93-90D1-00DD79776D5D}.Release|ARM.ActiveCfg = Release|Any CPU
		{B6C4A893-E6D2-4C93-90D1-00DD79776D5D}.Release|ARM.Build.0 = Release|Any CPU
		{B6C4A893-E6D2-4C93-90D1-00DD79776D5D}.Release|ARM64.ActiveCfg = Release|Any CPU
		{B6C4A893-E6D2-4C93-90D1-00DD79776D5D}.Release|ARM64.Build.0 = Release|Any CPU
		{B6C4A893-E6D2-4C93-90D1-00DD79776D5D}.Release|x64.ActiveCfg = Release|Any CPU
		{B6C4A893-E6D2-4C93-90D1-00DD79776D5D}.Release|x64.Build.0 = Release|Any CPU
		{B6C4A893-E6D2-4C93-90D1-00DD79776D5D}.Release|x86.ActiveCfg = Release|Any CPU
		{B6C4A893-E6D2-4C93-90D1-00DD79776D5D}.Release|x86.Build.0 = Release|Any CPU
		{B502E989-CCDC-409D-A0E6-E80C037D325A}.Debug|Any CPU.ActiveCfg = Debug|Any CPU
		{B502E989-CCDC-409D-A0E6-E80C037D325A}.Debug|Any CPU.Build.0 = Debug|Any CPU
		{B502E989-CCDC-409D-A0E6-E80C037D325A}.Debug|ARM.ActiveCfg = Debug|Any CPU
		{B502E989-CCDC-409D-A0E6-E80C037D325A}.Debug|ARM.Build.0 = Debug|Any CPU
		{B502E989-CCDC-409D-A0E6-E80C037D325A}.Debug|ARM64.ActiveCfg = Debug|Any CPU
		{B502E989-CCDC-409D-A0E6-E80C037D325A}.Debug|ARM64.Build.0 = Debug|Any CPU
		{B502E989-CCDC-409D-A0E6-E80C037D325A}.Debug|x64.ActiveCfg = Debug|Any CPU
		{B502E989-CCDC-409D-A0E6-E80C037D325A}.Debug|x64.Build.0 = Debug|Any CPU
		{B502E989-CCDC-409D-A0E6-E80C037D325A}.Debug|x86.ActiveCfg = Debug|Any CPU
		{B502E989-CCDC-409D-A0E6-E80C037D325A}.Debug|x86.Build.0 = Debug|Any CPU
		{B502E989-CCDC-409D-A0E6-E80C037D325A}.Release|Any CPU.ActiveCfg = Release|Any CPU
		{B502E989-CCDC-409D-A0E6-E80C037D325A}.Release|Any CPU.Build.0 = Release|Any CPU
		{B502E989-CCDC-409D-A0E6-E80C037D325A}.Release|ARM.ActiveCfg = Release|Any CPU
		{B502E989-CCDC-409D-A0E6-E80C037D325A}.Release|ARM.Build.0 = Release|Any CPU
		{B502E989-CCDC-409D-A0E6-E80C037D325A}.Release|ARM64.ActiveCfg = Release|Any CPU
		{B502E989-CCDC-409D-A0E6-E80C037D325A}.Release|ARM64.Build.0 = Release|Any CPU
		{B502E989-CCDC-409D-A0E6-E80C037D325A}.Release|x64.ActiveCfg = Release|Any CPU
		{B502E989-CCDC-409D-A0E6-E80C037D325A}.Release|x64.Build.0 = Release|Any CPU
		{B502E989-CCDC-409D-A0E6-E80C037D325A}.Release|x86.ActiveCfg = Release|Any CPU
		{B502E989-CCDC-409D-A0E6-E80C037D325A}.Release|x86.Build.0 = Release|Any CPU
		{9ACB1F4C-4CA1-4B41-9EE7-7F716540F9D3}.Debug|Any CPU.ActiveCfg = Debug|x86
		{9ACB1F4C-4CA1-4B41-9EE7-7F716540F9D3}.Debug|ARM.ActiveCfg = Debug|ARM
		{9ACB1F4C-4CA1-4B41-9EE7-7F716540F9D3}.Debug|ARM.Build.0 = Debug|ARM
		{9ACB1F4C-4CA1-4B41-9EE7-7F716540F9D3}.Debug|ARM.Deploy.0 = Debug|ARM
		{9ACB1F4C-4CA1-4B41-9EE7-7F716540F9D3}.Debug|ARM64.ActiveCfg = Debug|ARM64
		{9ACB1F4C-4CA1-4B41-9EE7-7F716540F9D3}.Debug|ARM64.Build.0 = Debug|ARM64
		{9ACB1F4C-4CA1-4B41-9EE7-7F716540F9D3}.Debug|ARM64.Deploy.0 = Debug|ARM64
		{9ACB1F4C-4CA1-4B41-9EE7-7F716540F9D3}.Debug|x64.ActiveCfg = Debug|x64
		{9ACB1F4C-4CA1-4B41-9EE7-7F716540F9D3}.Debug|x64.Build.0 = Debug|x64
		{9ACB1F4C-4CA1-4B41-9EE7-7F716540F9D3}.Debug|x64.Deploy.0 = Debug|x64
		{9ACB1F4C-4CA1-4B41-9EE7-7F716540F9D3}.Debug|x86.ActiveCfg = Debug|x86
		{9ACB1F4C-4CA1-4B41-9EE7-7F716540F9D3}.Debug|x86.Build.0 = Debug|x86
		{9ACB1F4C-4CA1-4B41-9EE7-7F716540F9D3}.Debug|x86.Deploy.0 = Debug|x86
		{9ACB1F4C-4CA1-4B41-9EE7-7F716540F9D3}.Release|Any CPU.ActiveCfg = Release|x86
		{9ACB1F4C-4CA1-4B41-9EE7-7F716540F9D3}.Release|ARM.ActiveCfg = Release|ARM
		{9ACB1F4C-4CA1-4B41-9EE7-7F716540F9D3}.Release|ARM.Build.0 = Release|ARM
		{9ACB1F4C-4CA1-4B41-9EE7-7F716540F9D3}.Release|ARM.Deploy.0 = Release|ARM
		{9ACB1F4C-4CA1-4B41-9EE7-7F716540F9D3}.Release|ARM64.ActiveCfg = Release|ARM64
		{9ACB1F4C-4CA1-4B41-9EE7-7F716540F9D3}.Release|ARM64.Build.0 = Release|ARM64
		{9ACB1F4C-4CA1-4B41-9EE7-7F716540F9D3}.Release|ARM64.Deploy.0 = Release|ARM64
		{9ACB1F4C-4CA1-4B41-9EE7-7F716540F9D3}.Release|x64.ActiveCfg = Release|x64
		{9ACB1F4C-4CA1-4B41-9EE7-7F716540F9D3}.Release|x64.Build.0 = Release|x64
		{9ACB1F4C-4CA1-4B41-9EE7-7F716540F9D3}.Release|x64.Deploy.0 = Release|x64
		{9ACB1F4C-4CA1-4B41-9EE7-7F716540F9D3}.Release|x86.ActiveCfg = Release|x86
		{9ACB1F4C-4CA1-4B41-9EE7-7F716540F9D3}.Release|x86.Build.0 = Release|x86
		{9ACB1F4C-4CA1-4B41-9EE7-7F716540F9D3}.Release|x86.Deploy.0 = Release|x86
		{87DE0858-5BF8-45AF-9A4C-A2674AB7C9CC}.Debug|Any CPU.ActiveCfg = Debug|Any CPU
		{87DE0858-5BF8-45AF-9A4C-A2674AB7C9CC}.Debug|Any CPU.Build.0 = Debug|Any CPU
		{87DE0858-5BF8-45AF-9A4C-A2674AB7C9CC}.Debug|ARM.ActiveCfg = Debug|Any CPU
		{87DE0858-5BF8-45AF-9A4C-A2674AB7C9CC}.Debug|ARM.Build.0 = Debug|Any CPU
		{87DE0858-5BF8-45AF-9A4C-A2674AB7C9CC}.Debug|ARM64.ActiveCfg = Debug|Any CPU
		{87DE0858-5BF8-45AF-9A4C-A2674AB7C9CC}.Debug|ARM64.Build.0 = Debug|Any CPU
		{87DE0858-5BF8-45AF-9A4C-A2674AB7C9CC}.Debug|x64.ActiveCfg = Debug|Any CPU
		{87DE0858-5BF8-45AF-9A4C-A2674AB7C9CC}.Debug|x64.Build.0 = Debug|Any CPU
		{87DE0858-5BF8-45AF-9A4C-A2674AB7C9CC}.Debug|x86.ActiveCfg = Debug|Any CPU
		{87DE0858-5BF8-45AF-9A4C-A2674AB7C9CC}.Debug|x86.Build.0 = Debug|Any CPU
		{87DE0858-5BF8-45AF-9A4C-A2674AB7C9CC}.Release|Any CPU.ActiveCfg = Release|Any CPU
		{87DE0858-5BF8-45AF-9A4C-A2674AB7C9CC}.Release|Any CPU.Build.0 = Release|Any CPU
		{87DE0858-5BF8-45AF-9A4C-A2674AB7C9CC}.Release|ARM.ActiveCfg = Release|Any CPU
		{87DE0858-5BF8-45AF-9A4C-A2674AB7C9CC}.Release|ARM.Build.0 = Release|Any CPU
		{87DE0858-5BF8-45AF-9A4C-A2674AB7C9CC}.Release|ARM64.ActiveCfg = Release|Any CPU
		{87DE0858-5BF8-45AF-9A4C-A2674AB7C9CC}.Release|ARM64.Build.0 = Release|Any CPU
		{87DE0858-5BF8-45AF-9A4C-A2674AB7C9CC}.Release|x64.ActiveCfg = Release|Any CPU
		{87DE0858-5BF8-45AF-9A4C-A2674AB7C9CC}.Release|x64.Build.0 = Release|Any CPU
		{87DE0858-5BF8-45AF-9A4C-A2674AB7C9CC}.Release|x86.ActiveCfg = Release|Any CPU
		{87DE0858-5BF8-45AF-9A4C-A2674AB7C9CC}.Release|x86.Build.0 = Release|Any CPU
		{5D16366D-2729-4F4F-B03C-BF8E303526A7}.Debug|Any CPU.ActiveCfg = Debug|Any CPU
		{5D16366D-2729-4F4F-B03C-BF8E303526A7}.Debug|Any CPU.Build.0 = Debug|Any CPU
		{5D16366D-2729-4F4F-B03C-BF8E303526A7}.Debug|ARM.ActiveCfg = Debug|Any CPU
		{5D16366D-2729-4F4F-B03C-BF8E303526A7}.Debug|ARM.Build.0 = Debug|Any CPU
		{5D16366D-2729-4F4F-B03C-BF8E303526A7}.Debug|ARM64.ActiveCfg = Debug|Any CPU
		{5D16366D-2729-4F4F-B03C-BF8E303526A7}.Debug|ARM64.Build.0 = Debug|Any CPU
		{5D16366D-2729-4F4F-B03C-BF8E303526A7}.Debug|x64.ActiveCfg = Debug|Any CPU
		{5D16366D-2729-4F4F-B03C-BF8E303526A7}.Debug|x64.Build.0 = Debug|Any CPU
		{5D16366D-2729-4F4F-B03C-BF8E303526A7}.Debug|x86.ActiveCfg = Debug|Any CPU
		{5D16366D-2729-4F4F-B03C-BF8E303526A7}.Debug|x86.Build.0 = Debug|Any CPU
		{5D16366D-2729-4F4F-B03C-BF8E303526A7}.Release|Any CPU.ActiveCfg = Release|Any CPU
		{5D16366D-2729-4F4F-B03C-BF8E303526A7}.Release|Any CPU.Build.0 = Release|Any CPU
		{5D16366D-2729-4F4F-B03C-BF8E303526A7}.Release|ARM.ActiveCfg = Release|Any CPU
		{5D16366D-2729-4F4F-B03C-BF8E303526A7}.Release|ARM.Build.0 = Release|Any CPU
		{5D16366D-2729-4F4F-B03C-BF8E303526A7}.Release|ARM64.ActiveCfg = Release|Any CPU
		{5D16366D-2729-4F4F-B03C-BF8E303526A7}.Release|ARM64.Build.0 = Release|Any CPU
		{5D16366D-2729-4F4F-B03C-BF8E303526A7}.Release|x64.ActiveCfg = Release|Any CPU
		{5D16366D-2729-4F4F-B03C-BF8E303526A7}.Release|x64.Build.0 = Release|Any CPU
		{5D16366D-2729-4F4F-B03C-BF8E303526A7}.Release|x86.ActiveCfg = Release|Any CPU
		{5D16366D-2729-4F4F-B03C-BF8E303526A7}.Release|x86.Build.0 = Release|Any CPU
		{D717D374-240B-45D4-96DC-F7A605FAFFE0}.Debug|Any CPU.ActiveCfg = Debug|Any CPU
		{D717D374-240B-45D4-96DC-F7A605FAFFE0}.Debug|Any CPU.Build.0 = Debug|Any CPU
		{D717D374-240B-45D4-96DC-F7A605FAFFE0}.Debug|ARM.ActiveCfg = Debug|Any CPU
		{D717D374-240B-45D4-96DC-F7A605FAFFE0}.Debug|ARM.Build.0 = Debug|Any CPU
		{D717D374-240B-45D4-96DC-F7A605FAFFE0}.Debug|ARM64.ActiveCfg = Debug|Any CPU
		{D717D374-240B-45D4-96DC-F7A605FAFFE0}.Debug|ARM64.Build.0 = Debug|Any CPU
		{D717D374-240B-45D4-96DC-F7A605FAFFE0}.Debug|x64.ActiveCfg = Debug|Any CPU
		{D717D374-240B-45D4-96DC-F7A605FAFFE0}.Debug|x64.Build.0 = Debug|Any CPU
		{D717D374-240B-45D4-96DC-F7A605FAFFE0}.Debug|x86.ActiveCfg = Debug|Any CPU
		{D717D374-240B-45D4-96DC-F7A605FAFFE0}.Debug|x86.Build.0 = Debug|Any CPU
		{D717D374-240B-45D4-96DC-F7A605FAFFE0}.Release|Any CPU.ActiveCfg = Release|Any CPU
		{D717D374-240B-45D4-96DC-F7A605FAFFE0}.Release|Any CPU.Build.0 = Release|Any CPU
		{D717D374-240B-45D4-96DC-F7A605FAFFE0}.Release|ARM.ActiveCfg = Release|Any CPU
		{D717D374-240B-45D4-96DC-F7A605FAFFE0}.Release|ARM.Build.0 = Release|Any CPU
		{D717D374-240B-45D4-96DC-F7A605FAFFE0}.Release|ARM64.ActiveCfg = Release|Any CPU
		{D717D374-240B-45D4-96DC-F7A605FAFFE0}.Release|ARM64.Build.0 = Release|Any CPU
		{D717D374-240B-45D4-96DC-F7A605FAFFE0}.Release|x64.ActiveCfg = Release|Any CPU
		{D717D374-240B-45D4-96DC-F7A605FAFFE0}.Release|x64.Build.0 = Release|Any CPU
		{D717D374-240B-45D4-96DC-F7A605FAFFE0}.Release|x86.ActiveCfg = Release|Any CPU
		{D717D374-240B-45D4-96DC-F7A605FAFFE0}.Release|x86.Build.0 = Release|Any CPU
		{7E720A98-183A-4E65-AA73-B9C47588A824}.Debug|Any CPU.ActiveCfg = Debug|Any CPU
		{7E720A98-183A-4E65-AA73-B9C47588A824}.Debug|Any CPU.Build.0 = Debug|Any CPU
		{7E720A98-183A-4E65-AA73-B9C47588A824}.Debug|ARM.ActiveCfg = Debug|Any CPU
		{7E720A98-183A-4E65-AA73-B9C47588A824}.Debug|ARM.Build.0 = Debug|Any CPU
		{7E720A98-183A-4E65-AA73-B9C47588A824}.Debug|ARM64.ActiveCfg = Debug|Any CPU
		{7E720A98-183A-4E65-AA73-B9C47588A824}.Debug|ARM64.Build.0 = Debug|Any CPU
		{7E720A98-183A-4E65-AA73-B9C47588A824}.Debug|x64.ActiveCfg = Debug|Any CPU
		{7E720A98-183A-4E65-AA73-B9C47588A824}.Debug|x64.Build.0 = Debug|Any CPU
		{7E720A98-183A-4E65-AA73-B9C47588A824}.Debug|x86.ActiveCfg = Debug|Any CPU
		{7E720A98-183A-4E65-AA73-B9C47588A824}.Debug|x86.Build.0 = Debug|Any CPU
		{7E720A98-183A-4E65-AA73-B9C47588A824}.Release|Any CPU.ActiveCfg = Release|Any CPU
		{7E720A98-183A-4E65-AA73-B9C47588A824}.Release|Any CPU.Build.0 = Release|Any CPU
		{7E720A98-183A-4E65-AA73-B9C47588A824}.Release|ARM.ActiveCfg = Release|Any CPU
		{7E720A98-183A-4E65-AA73-B9C47588A824}.Release|ARM.Build.0 = Release|Any CPU
		{7E720A98-183A-4E65-AA73-B9C47588A824}.Release|ARM64.ActiveCfg = Release|Any CPU
		{7E720A98-183A-4E65-AA73-B9C47588A824}.Release|ARM64.Build.0 = Release|Any CPU
		{7E720A98-183A-4E65-AA73-B9C47588A824}.Release|x64.ActiveCfg = Release|Any CPU
		{7E720A98-183A-4E65-AA73-B9C47588A824}.Release|x64.Build.0 = Release|Any CPU
		{7E720A98-183A-4E65-AA73-B9C47588A824}.Release|x86.ActiveCfg = Release|Any CPU
		{7E720A98-183A-4E65-AA73-B9C47588A824}.Release|x86.Build.0 = Release|Any CPU
		{4C2D2D34-B039-4ADB-937A-F51DA5318F27}.Debug|Any CPU.ActiveCfg = Debug|Any CPU
		{4C2D2D34-B039-4ADB-937A-F51DA5318F27}.Debug|Any CPU.Build.0 = Debug|Any CPU
		{4C2D2D34-B039-4ADB-937A-F51DA5318F27}.Debug|ARM.ActiveCfg = Debug|Any CPU
		{4C2D2D34-B039-4ADB-937A-F51DA5318F27}.Debug|ARM.Build.0 = Debug|Any CPU
		{4C2D2D34-B039-4ADB-937A-F51DA5318F27}.Debug|ARM64.ActiveCfg = Debug|Any CPU
		{4C2D2D34-B039-4ADB-937A-F51DA5318F27}.Debug|ARM64.Build.0 = Debug|Any CPU
		{4C2D2D34-B039-4ADB-937A-F51DA5318F27}.Debug|x64.ActiveCfg = Debug|Any CPU
		{4C2D2D34-B039-4ADB-937A-F51DA5318F27}.Debug|x64.Build.0 = Debug|Any CPU
		{4C2D2D34-B039-4ADB-937A-F51DA5318F27}.Debug|x86.ActiveCfg = Debug|Any CPU
		{4C2D2D34-B039-4ADB-937A-F51DA5318F27}.Debug|x86.Build.0 = Debug|Any CPU
		{4C2D2D34-B039-4ADB-937A-F51DA5318F27}.Release|Any CPU.ActiveCfg = Release|Any CPU
		{4C2D2D34-B039-4ADB-937A-F51DA5318F27}.Release|Any CPU.Build.0 = Release|Any CPU
		{4C2D2D34-B039-4ADB-937A-F51DA5318F27}.Release|ARM.ActiveCfg = Release|Any CPU
		{4C2D2D34-B039-4ADB-937A-F51DA5318F27}.Release|ARM.Build.0 = Release|Any CPU
		{4C2D2D34-B039-4ADB-937A-F51DA5318F27}.Release|ARM64.ActiveCfg = Release|Any CPU
		{4C2D2D34-B039-4ADB-937A-F51DA5318F27}.Release|ARM64.Build.0 = Release|Any CPU
		{4C2D2D34-B039-4ADB-937A-F51DA5318F27}.Release|x64.ActiveCfg = Release|Any CPU
		{4C2D2D34-B039-4ADB-937A-F51DA5318F27}.Release|x64.Build.0 = Release|Any CPU
		{4C2D2D34-B039-4ADB-937A-F51DA5318F27}.Release|x86.ActiveCfg = Release|Any CPU
		{4C2D2D34-B039-4ADB-937A-F51DA5318F27}.Release|x86.Build.0 = Release|Any CPU
		{142FC659-8ED0-4263-B2BB-12CB9C1CEF52}.Debug|Any CPU.ActiveCfg = Debug|Any CPU
		{142FC659-8ED0-4263-B2BB-12CB9C1CEF52}.Debug|Any CPU.Build.0 = Debug|Any CPU
		{142FC659-8ED0-4263-B2BB-12CB9C1CEF52}.Debug|ARM.ActiveCfg = Debug|Any CPU
		{142FC659-8ED0-4263-B2BB-12CB9C1CEF52}.Debug|ARM.Build.0 = Debug|Any CPU
		{142FC659-8ED0-4263-B2BB-12CB9C1CEF52}.Debug|ARM64.ActiveCfg = Debug|Any CPU
		{142FC659-8ED0-4263-B2BB-12CB9C1CEF52}.Debug|ARM64.Build.0 = Debug|Any CPU
		{142FC659-8ED0-4263-B2BB-12CB9C1CEF52}.Debug|x64.ActiveCfg = Debug|Any CPU
		{142FC659-8ED0-4263-B2BB-12CB9C1CEF52}.Debug|x64.Build.0 = Debug|Any CPU
		{142FC659-8ED0-4263-B2BB-12CB9C1CEF52}.Debug|x86.ActiveCfg = Debug|Any CPU
		{142FC659-8ED0-4263-B2BB-12CB9C1CEF52}.Debug|x86.Build.0 = Debug|Any CPU
		{142FC659-8ED0-4263-B2BB-12CB9C1CEF52}.Release|Any CPU.ActiveCfg = Release|Any CPU
		{142FC659-8ED0-4263-B2BB-12CB9C1CEF52}.Release|Any CPU.Build.0 = Release|Any CPU
		{142FC659-8ED0-4263-B2BB-12CB9C1CEF52}.Release|ARM.ActiveCfg = Release|Any CPU
		{142FC659-8ED0-4263-B2BB-12CB9C1CEF52}.Release|ARM.Build.0 = Release|Any CPU
		{142FC659-8ED0-4263-B2BB-12CB9C1CEF52}.Release|ARM64.ActiveCfg = Release|Any CPU
		{142FC659-8ED0-4263-B2BB-12CB9C1CEF52}.Release|ARM64.Build.0 = Release|Any CPU
		{142FC659-8ED0-4263-B2BB-12CB9C1CEF52}.Release|x64.ActiveCfg = Release|Any CPU
		{142FC659-8ED0-4263-B2BB-12CB9C1CEF52}.Release|x64.Build.0 = Release|Any CPU
		{142FC659-8ED0-4263-B2BB-12CB9C1CEF52}.Release|x86.ActiveCfg = Release|Any CPU
		{142FC659-8ED0-4263-B2BB-12CB9C1CEF52}.Release|x86.Build.0 = Release|Any CPU
		{F279BAB5-2278-46A3-9233-B68B55A5C080}.Debug|Any CPU.ActiveCfg = Debug|Any CPU
		{F279BAB5-2278-46A3-9233-B68B55A5C080}.Debug|Any CPU.Build.0 = Debug|Any CPU
		{F279BAB5-2278-46A3-9233-B68B55A5C080}.Debug|ARM.ActiveCfg = Debug|Any CPU
		{F279BAB5-2278-46A3-9233-B68B55A5C080}.Debug|ARM.Build.0 = Debug|Any CPU
		{F279BAB5-2278-46A3-9233-B68B55A5C080}.Debug|ARM64.ActiveCfg = Debug|Any CPU
		{F279BAB5-2278-46A3-9233-B68B55A5C080}.Debug|ARM64.Build.0 = Debug|Any CPU
		{F279BAB5-2278-46A3-9233-B68B55A5C080}.Debug|x64.ActiveCfg = Debug|Any CPU
		{F279BAB5-2278-46A3-9233-B68B55A5C080}.Debug|x64.Build.0 = Debug|Any CPU
		{F279BAB5-2278-46A3-9233-B68B55A5C080}.Debug|x86.ActiveCfg = Debug|Any CPU
		{F279BAB5-2278-46A3-9233-B68B55A5C080}.Debug|x86.Build.0 = Debug|Any CPU
		{F279BAB5-2278-46A3-9233-B68B55A5C080}.Release|Any CPU.ActiveCfg = Release|Any CPU
		{F279BAB5-2278-46A3-9233-B68B55A5C080}.Release|Any CPU.Build.0 = Release|Any CPU
		{F279BAB5-2278-46A3-9233-B68B55A5C080}.Release|ARM.ActiveCfg = Release|Any CPU
		{F279BAB5-2278-46A3-9233-B68B55A5C080}.Release|ARM.Build.0 = Release|Any CPU
		{F279BAB5-2278-46A3-9233-B68B55A5C080}.Release|ARM64.ActiveCfg = Release|Any CPU
		{F279BAB5-2278-46A3-9233-B68B55A5C080}.Release|ARM64.Build.0 = Release|Any CPU
		{F279BAB5-2278-46A3-9233-B68B55A5C080}.Release|x64.ActiveCfg = Release|Any CPU
		{F279BAB5-2278-46A3-9233-B68B55A5C080}.Release|x64.Build.0 = Release|Any CPU
		{F279BAB5-2278-46A3-9233-B68B55A5C080}.Release|x86.ActiveCfg = Release|Any CPU
		{F279BAB5-2278-46A3-9233-B68B55A5C080}.Release|x86.Build.0 = Release|Any CPU
		{97C43A3F-43D9-4EA4-8416-908ACFF76C2D}.Debug|Any CPU.ActiveCfg = Debug|Any CPU
		{97C43A3F-43D9-4EA4-8416-908ACFF76C2D}.Debug|Any CPU.Build.0 = Debug|Any CPU
		{97C43A3F-43D9-4EA4-8416-908ACFF76C2D}.Debug|ARM.ActiveCfg = Debug|Any CPU
		{97C43A3F-43D9-4EA4-8416-908ACFF76C2D}.Debug|ARM.Build.0 = Debug|Any CPU
		{97C43A3F-43D9-4EA4-8416-908ACFF76C2D}.Debug|ARM64.ActiveCfg = Debug|Any CPU
		{97C43A3F-43D9-4EA4-8416-908ACFF76C2D}.Debug|ARM64.Build.0 = Debug|Any CPU
		{97C43A3F-43D9-4EA4-8416-908ACFF76C2D}.Debug|x64.ActiveCfg = Debug|Any CPU
		{97C43A3F-43D9-4EA4-8416-908ACFF76C2D}.Debug|x64.Build.0 = Debug|Any CPU
		{97C43A3F-43D9-4EA4-8416-908ACFF76C2D}.Debug|x86.ActiveCfg = Debug|Any CPU
		{97C43A3F-43D9-4EA4-8416-908ACFF76C2D}.Debug|x86.Build.0 = Debug|Any CPU
		{97C43A3F-43D9-4EA4-8416-908ACFF76C2D}.Release|Any CPU.ActiveCfg = Release|Any CPU
		{97C43A3F-43D9-4EA4-8416-908ACFF76C2D}.Release|Any CPU.Build.0 = Release|Any CPU
		{97C43A3F-43D9-4EA4-8416-908ACFF76C2D}.Release|ARM.ActiveCfg = Release|Any CPU
		{97C43A3F-43D9-4EA4-8416-908ACFF76C2D}.Release|ARM.Build.0 = Release|Any CPU
		{97C43A3F-43D9-4EA4-8416-908ACFF76C2D}.Release|ARM64.ActiveCfg = Release|Any CPU
		{97C43A3F-43D9-4EA4-8416-908ACFF76C2D}.Release|ARM64.Build.0 = Release|Any CPU
		{97C43A3F-43D9-4EA4-8416-908ACFF76C2D}.Release|x64.ActiveCfg = Release|Any CPU
		{97C43A3F-43D9-4EA4-8416-908ACFF76C2D}.Release|x64.Build.0 = Release|Any CPU
		{97C43A3F-43D9-4EA4-8416-908ACFF76C2D}.Release|x86.ActiveCfg = Release|Any CPU
		{97C43A3F-43D9-4EA4-8416-908ACFF76C2D}.Release|x86.Build.0 = Release|Any CPU
	EndGlobalSection
	GlobalSection(SolutionProperties) = preSolution
		HideSolutionNode = FALSE
	EndGlobalSection
	GlobalSection(ExtensibilityGlobals) = postSolution
		SolutionGuid = {510FC051-CB06-4FB3-A25A-5530EC9DDFB3}
	EndGlobalSection
EndGlobal
