
Microsoft Visual Studio Solution File, Format Version 12.00
# Visual Studio Version 16
VisualStudioVersion = 16.0.30413.136
MinimumVisualStudioVersion = 10.0.40219.1
Project("{FAE04EC0-301F-11D3-BF4B-00C04F79EFBC}") = "C1_WriteLine", "C1_WriteLine\C1_WriteLine.csproj", "{264D2B8F-EDC5-4123-96E8-CA2EE6AFBED5}"
EndProject
Project("{FAE04EC0-301F-11D3-BF4B-00C04F79EFBC}") = "C2_ReadLine", "C2_ReadLine\C2_ReadLine.csproj", "{0D026AF3-16B0-4907-8B4E-3D891D5A2AE1}"
EndProject
Project("{FAE04EC0-301F-11D3-BF4B-00C04F79EFBC}") = "C3_WithAClass", "C3_WithAClass\C3_WithAClass.csproj", "{49DA0BE8-D9CC-4414-9B53-00C2DEC69BC0}"
EndProject
Global
	GlobalSection(SolutionConfigurationPlatforms) = preSolution
		Debug|Any CPU = Debug|Any CPU
		Release|Any CPU = Release|Any CPU
	EndGlobalSection
	GlobalSection(ProjectConfigurationPlatforms) = postSolution
		{264D2B8F-EDC5-4123-96E8-CA2EE6AFBED5}.Debug|Any CPU.ActiveCfg = Debug|Any CPU
		{264D2B8F-EDC5-4123-96E8-CA2EE6AFBED5}.Debug|Any CPU.Build.0 = Debug|Any CPU
		{264D2B8F-EDC5-4123-96E8-CA2EE6AFBED5}.Release|Any CPU.ActiveCfg = Release|Any CPU
		{264D2B8F-EDC5-4123-96E8-CA2EE6AFBED5}.Release|Any CPU.Build.0 = Release|Any CPU
		{0D026AF3-16B0-4907-8B4E-3D891D5A2AE1}.Debug|Any CPU.ActiveCfg = Debug|Any CPU
		{0D026AF3-16B0-4907-8B4E-3D891D5A2AE1}.Debug|Any CPU.Build.0 = Debug|Any CPU
		{0D026AF3-16B0-4907-8B4E-3D891D5A2AE1}.Release|Any CPU.ActiveCfg = Release|Any CPU
		{0D026AF3-16B0-4907-8B4E-3D891D5A2AE1}.Release|Any CPU.Build.0 = Release|Any CPU
		{49DA0BE8-D9CC-4414-9B53-00C2DEC69BC0}.Debug|Any CPU.ActiveCfg = Debug|Any CPU
		{49DA0BE8-D9CC-4414-9B53-00C2DEC69BC0}.Debug|Any CPU.Build.0 = Debug|Any CPU
		{49DA0BE8-D9CC-4414-9B53-00C2DEC69BC0}.Release|Any CPU.ActiveCfg = Release|Any CPU
		{49DA0BE8-D9CC-4414-9B53-00C2DEC69BC0}.Release|Any CPU.Build.0 = Release|Any CPU
	EndGlobalSection
	GlobalSection(SolutionProperties) = preSolution
		HideSolutionNode = FALSE
	EndGlobalSection
	GlobalSection(ExtensibilityGlobals) = postSolution
		SolutionGuid = {510FC051-CB06-4FB3-A25A-5530EC9DDFB3}
	EndGlobalSection
EndGlobal
